{
  "lockfileVersion": 2,
  "configVersion": 1,
  "workspaces": {
    "": {
      "name": "solid-bun",
      "dependencies": {
        "@jridgewell/remapping": "2.3.5",
        "@jridgewell/trace-mapping": "0.3.31",
        "@solidjs/compiler": "2.0.0-rc.13",
        "happy-dom": "20.14.5",
        "magic-string": "1.4.2",
      },
      "devDependencies": {
        "@solidjs/web": "2.0.0-rc.13",
        "@types/bun": "1.4.2",
        "solid-js": "2.0.0-rc.13",
        "typescript": "5.9.3",
      },
      "peerDependencies": {
        "@solidjs/web": "2.0.0-rc.13",
        "solid-js": "2.0.0-rc.13",
      },
      "optionalPeers": [
        "@solidjs/web",
        "solid-js",
      ],
    },
  },
  "packages": {
    "@emnapi/core": ["@emnapi/core@1.11.3", "", { "dependencies": { "@emnapi/wasi-threads": "1.2.3", "tslib": "^2.4.0" } }, "sha512-zLpS5asjEb7lq8jYLq37N6XKaE41DIexlY1rF/z4/tIl3wo13Sqm28fRyfIsKZD+NZ8mM5RoKkpW/rBcuoSZSg=="],

    "@emnapi/runtime": ["@emnapi/runtime@1.11.3", "", { "dependencies": { "tslib": "^2.4.0" } }, "sha512-Xz4Tpyki7XyrpbUK1jR1AhdAdaXyhhY4lZ3neLodmhpuWfy2PAQN5B46sAiU4liOXGLkHypn/qU+jvfWSCYYLA=="],

    "@emnapi/wasi-threads": ["@emnapi/wasi-threads@1.2.3", "", { "dependencies": { "tslib": "^2.4.0" } }, "sha512-ELEBe8PsLvvJ6QMr0zLt8ffvOHW/dc1m3CEzNMg7aJUv3bMaoDtw2TXyDAwkYBuroxxuHEwhRTLJSe5sya547g=="],

    "@jridgewell/gen-mapping": ["@jridgewell/gen-mapping@0.3.13", "", { "dependencies": { "@jridgewell/sourcemap-codec": "^1.5.0", "@jridgewell/trace-mapping": "^0.3.24" } }, "sha512-2kkt/7niJ6MgEPxF0bYdQ6etZaA+fQvDcLKckhy1yIQOzaoKjBBjSj63/aLVjYE3qhRt5dvM+uUyfCg6UKCBbA=="],

    "@jridgewell/remapping": ["@jridgewell/remapping@2.3.5", "", { "dependencies": { "@jridgewell/gen-mapping": "^0.3.5", "@jridgewell/trace-mapping": "^0.3.24" } }, "sha512-LI9u/+laYG4Ds1TDKSJW2YPrIlcVYOwi2fUC6xB43lueCjgxV4lffOCZCtYFiH6TNOX+tQKXx97T4IKHbhyHEQ=="],

    "@jridgewell/resolve-uri": ["@jridgewell/resolve-uri@3.1.2", "", {}, "sha512-bRISgCIjP20/tbWSPWMEi54QVPRZExkuD9lJL+UIxUKtwVJA8wW1Trb1jMs1RFXo1CBTNZ/5hpC9QvmKWdopKw=="],

    "@jridgewell/sourcemap-codec": ["@jridgewell/sourcemap-codec@1.6.0", "", {}, "sha512-T7jf+5zgsZHwNJ4lvQ7/aezbyk0nNX+zJVWpmHA7VYsEx7a7qr5Rg5IbtJFqkgze5Y2sruq1RUY8Q837Od7iFw=="],

    "@jridgewell/trace-mapping": ["@jridgewell/trace-mapping@0.3.31", "", { "dependencies": { "@jridgewell/resolve-uri": "^3.1.0", "@jridgewell/sourcemap-codec": "^1.4.14" } }, "sha512-zzNR+SdQSDJzc8joaeP8QQoCQr8NuYx2dIIytl1QeBEZHJ9uW6hebsrYgbz8hJwUQao3TWCMtmfV8Nu1twOLAw=="],

    "@napi-rs/wasm-runtime": ["@napi-rs/wasm-runtime@1.2.4", "", { "dependencies": { "@tybys/wasm-util": "^0.10.3" }, "peerDependencies": { "@emnapi/core": "^1.7.1 || ^2.0.0-alpha.4", "@emnapi/runtime": "^1.7.1 || ^2.0.0-alpha.4" } }, "sha512-AJxoUD2/15ESHbvpcyjU274nsAPLuOtPHCk0vKJM5pj//Fg/B1FXNWjPnXTT9PymCYYiHo4zPj0ZomXBKhoy7g=="],

    "@solidjs/compiler": ["@solidjs/compiler@2.0.0-rc.13", "", { "optionalDependencies": { "@solidjs/compiler-darwin-arm64": "2.0.0-rc.13", "@solidjs/compiler-darwin-x64": "2.0.0-rc.13", "@solidjs/compiler-linux-arm64-gnu": "2.0.0-rc.13", "@solidjs/compiler-linux-x64-gnu": "2.0.0-rc.13", "@solidjs/compiler-wasm32-wasi": "2.0.0-rc.13", "@solidjs/compiler-win32-x64-msvc": "2.0.0-rc.13" } }, "sha512-OveR/xhLKo8MTJO/53jgjHuBW54c6/a9B/jiSjDrBeQ3JSbODUxQ8t58WBSlHaxyowPd27TwhVkLo3zeT1YqMQ=="],

    "@solidjs/compiler-darwin-arm64": ["@solidjs/compiler-darwin-arm64@2.0.0-rc.13", "", { "os": "darwin", "cpu": "arm64" }, "sha512-uG3Sa/2jNZNxoKkcHjHw3KZEEuwDrRAk9aqUU2qqJZl9GDLLI0HVW7i/Lvq9b17f5yN+fNTdNyojO8rLgHnQuQ=="],

    "@solidjs/compiler-darwin-x64": ["@solidjs/compiler-darwin-x64@2.0.0-rc.13", "", { "os": "darwin", "cpu": "x64" }, "sha512-jIyzyn/fYHmzikOaskiqmkc8FusXMaxl1Z6huh7lEeHaZsl9NIdzzAIxq8j/EJFByvoCyfQitggRTuubGNblpA=="],

    "@solidjs/compiler-linux-arm64-gnu": ["@solidjs/compiler-linux-arm64-gnu@2.0.0-rc.13", "", { "os": "linux", "cpu": "arm64" }, "sha512-cGIX7ZWTyw3Qdpd5ZqJtHdb2vQkAtZlkTgy919dMldjoRqDwQIRlqCmH35kaH/IUBlhuG224BoP4twqK9GYyGw=="],

    "@solidjs/compiler-linux-x64-gnu": ["@solidjs/compiler-linux-x64-gnu@2.0.0-rc.13", "", { "os": "linux", "cpu": "x64" }, "sha512-Dnft4iic4zHsemNSBGMwOMjN4fP0DEoyfeSUWbqBk1CMsXRarLTcMKhjNQmJvL0opzjOUq0/m7/17LTe6AKpvg=="],

    "@solidjs/compiler-wasm32-wasi": ["@solidjs/compiler-wasm32-wasi@2.0.0-rc.13", "", { "dependencies": { "@emnapi/core": "1.11.3", "@emnapi/runtime": "1.11.3", "@napi-rs/wasm-runtime": "^1.1.6" } }, "sha512-nNOMOFxanzfM2wNbSXyekMtGazyOcM3ja+P7tk0NJYTAo2MYmRTY/HUDdFRDluk6Nc5aehu87I7AVMRj5l1WXw=="],

    "@solidjs/compiler-win32-x64-msvc": ["@solidjs/compiler-win32-x64-msvc@2.0.0-rc.13", "", { "os": "win32", "cpu": "x64" }, "sha512-1DT+5TgIFV5L8GdrGb+uD9ruHFVq6kJ4A/cb9amUU574TGM88B4nwy//dM57zmT99u7mej7JF91glQBnHOGhHQ=="],

    "@solidjs/signals": ["@solidjs/signals@2.0.0-rc.13", "", {}, "sha512-4+pRdrAHtfyE9BUJWBup3TpzJojJjgW2mV1vm/Jik4tWa5epxXB/YrLkwqP1v8+S9XjyKKZu5BSLqmcpswMYeQ=="],

    "@solidjs/web": ["@solidjs/web@2.0.0-rc.13", "", { "dependencies": { "seroval": "~1.6.7", "seroval-plugins": "~1.6.7" }, "peerDependencies": { "solid-js": "^2.0.0-rc.13" } }, "sha512-vI/7v/XM8B/3U/oKAzCW2VjTLFkM5IArB2DFnrjxyPRYD3FX9KAXg9QuAnPIPQHC/xvg/LgxmvoVfZUfJ96gOQ=="],

    "@tybys/wasm-util": ["@tybys/wasm-util@0.10.4", "", { "dependencies": { "tslib": "^2.4.0" } }, "sha512-W3c4gRigFS0T/Ma4qIYF3GDAc5AQdHb1yL5znJT1Zv1YaD9Kitx656wBjvr19qbiosmZT8lWDM5BEMynUqX65A=="],

    "@types/bun": ["@types/bun@1.4.2", "", { "dependencies": { "bun-types": "1.4.2" } }, "sha512-GimotNn7+ZV0uVArItBbriZsR1oNf0+WTzPkdcFrzShI7k2norL0uzEaJT8T33dWr7O/c9ZDuAFQrctKCi72oQ=="],

    "@types/node": ["@types/node@26.6.3", "", { "dependencies": { "undici-types": "~8.9.0" } }, "sha512-dsqMQQoeTLqu9wynDD00q573mNzso3IdQOAfHRJqLCcmCFPoGo9A1bDpUcv/9tnKpErQWv9uKeGfl37EIS02Yg=="],

    "@types/whatwg-mimetype": ["@types/whatwg-mimetype@3.0.2", "", {}, "sha512-c2AKvDT8ToxLIOUlN51gTiHXflsfIFisS4pO7pDPoKouJCESkhZnEy623gwP9laCy5lnLDAw1vAzu2vM2YLOrA=="],

    "@types/ws": ["@types/ws@8.18.1", "", { "dependencies": { "@types/node": "*" } }, "sha512-ThVF6DCVhA8kUGy+aazFQ4kXQ7E1Ty7A3ypFOe0IcJV8O/M511G99AW24irKrW56Wt44yG9+ij8FaqoBGkuBXg=="],

    "buffer-image-size": ["buffer-image-size@0.6.4", "", { "dependencies": { "@types/node": "*" } }, "sha512-nEh+kZOPY1w+gcCMobZ6ETUp9WfibndnosbpwB1iJk/8Gt5ZF2bhS6+B6bPYz424KtwsR6Rflc3tCz1/ghX2dQ=="],

    "bun-types": ["bun-types@1.4.2", "", { "dependencies": { "@types/node": "*" } }, "sha512-bxV1FgK7yBIzjRe5zBozIM4Bem11ZJcCXSrjWRG3YWLt8yFDePu4cLjpebO8OvPeIE9trbyPF4fuj3Cia4Fj3w=="],

    "csstype": ["csstype@3.2.3", "", {}, "sha512-z1HGKcYy2xA8AGQfwrn0PAy+PB7X/GSj3UVJW9qKyn43xWa+gl5nXmU4qqLMRzWVLFC8KusUX8T/0kCiOYpAIQ=="],

    "entities": ["entities@7.0.1", "", {}, "sha512-TWrgLOFUQTH994YUyl1yT4uyavY5nNB5muff+RtWaqNVCAK408b5ZnnbNAUEWLTCpum9w6arT70i1XdQ4UeOPA=="],

    "happy-dom": ["happy-dom@20.14.5", "", { "dependencies": { "@types/node": ">=20.0.0", "@types/whatwg-mimetype": "^3.0.2", "@types/ws": "^8.18.1", "buffer-image-size": "^0.6.4", "entities": "^7.0.1", "whatwg-mimetype": "^3.0.0", "ws": "^8.21.0" } }, "sha512-x/RzkpWO40bTjIoT30iQtt64FLLmH/iRcUCN2X//bLx7H3ifkdfPXyqsro/OYtqzIAhiLMMA7mmiOR9C3NOKjQ=="],

    "magic-string": ["magic-string@1.4.2", "", { "dependencies": { "@jridgewell/sourcemap-codec": "^1.6.0" } }, "sha512-vG+rjFRj1PqdIBozIxAGMjPlOhaVe+GXpbttY/iSK7rGcJRMlwNJO7dcUwmUqkymsFLJiNGI06t4D7Fr7yRC9g=="],

    "seroval": ["seroval@1.6.7", "", {}, "sha512-AeDcLh0yO2SFm9W71essgnSzLV9DI8ZH0x0knXn2DMnUZj728mpLbxjlbB6IqKCmqh8JA3cEqRyGoNkt584JcQ=="],

    "seroval-plugins": ["seroval-plugins@1.6.7", "", { "peerDependencies": { "seroval": "^1.0" } }, "sha512-4Nk35ttD3DTDJW4hgw5StsVAPeU6qnDFnULAouw6tQ7oLTV/ICXrWpsXo2EE52eSP2joUMazbVf52mFEcADqRw=="],

    "solid-js": ["solid-js@2.0.0-rc.13", "", { "dependencies": { "@solidjs/signals": "^2.0.0-rc.13", "csstype": "^3.1.0", "seroval": "~1.6.7", "seroval-plugins": "~1.6.7" } }, "sha512-62bYOI4JZ15KOqL5eReKyWSwAXrGb0fbX8SDnHsbJk2UX+SzSyy1gobas2cxW/0BXcobGfQ1V6ffPyQkMIBdoQ=="],

    "tslib": ["tslib@2.8.1", "", {}, "sha512-oJFu94HQb+KVduSUQL7wnpmqnfmLsOA/nAh6b6EH0wCEoK0/mPeXU6c3wKDV83MkOuHPRHtSXKKU99IBazS/2w=="],

    "typescript": ["typescript@5.9.3", "", { "bin": { "tsc": "bin/tsc", "tsserver": "bin/tsserver" } }, "sha512-jl1vZzPDinLr9eUt3J/t7V6FgNEw9QjvBPdysz9KfQDD41fQrC2Y4vKQdiaUpFT4bXlb1RHhLpp8wtm6M5TgSw=="],

    "undici-types": ["undici-types@8.9.0", "", {}, "sha512-KTDyRTYX8sWmKXAikPHHSyc63CRPETMctyjKFupcC6OBLXT3xsN0e9aF7m+mIXutFWpUXuedtowG7iLOzp0kQg=="],

    "whatwg-mimetype": ["whatwg-mimetype@3.0.0", "", {}, "sha512-nt+N2dzIutVRxARx1nghPKGv1xHikU7HKdfafKkLNLindmPU/ch3U31NOCGGA/dmPcmb1VlofO0vnKAcsm0o/Q=="],

    "ws": ["ws@8.22.0", "", { "peerDependencies": { "bufferutil": "^4.0.1", "utf-8-validate": ">=5.0.2" }, "optionalPeers": ["bufferutil", "utf-8-validate"] }, "sha512-Ydggc987+RO0AnWtZ/7Wq9FtNvcrL1b/RO0ud9mWjUPgDrsAAwQSF51sm2hm1XofbU/4jkpGEsLFsZZxU+1DOg=="],
  }
}
